github.com/aliyun/aliyun-oss-go-sdk v3.0.2+incompatible h1:8psS8a+wKfiLt1iVDX79F7Y6wUM49Lcha2FMXt4UM8g=
github.com/aliyun/aliyun-oss-go-sdk v3.0.2+incompatible/go.mod h1:T/Aws4fEfogEE9v+HPhhw+CntffsBHJ8nXQCwKr0/g8=
github.com/joho/godotenv v1.5.1 h1:7eLL/+HRGLY0ldzfGMeQkb7vMd0as4CfYvUVzLqw0N0=
github.com/joho/godotenv v1.5.1/go.mod h1:f4LDr5Voq0i2e/R5DDNOoa2zzDfwtkZa6DnEwAbqwq4=
github.com/tu6ge/oss-go v0.1.1 h1:QyTt55/fjEKbk/mnvF0uXbszNBTkbqFQIIr+bTRMoA0=
github.com/tu6ge/oss-go v0.1.1/go.mod h1:ZyfQ1WVE6b6QmoN0o9BnkwaniuXGuzV1CRRoO/OZHE8=
golang.org/x/time v0.11.0 h1:/bpjEDfN9tkoN/ryeYHnv5hcMlc8ncjMcM4XBk5NWV0=
golang.org/x/time v0.11.0/go.mod h1:CDIdPxbZBQxdj6cxyCIdrNogrJKMJ7pr37NYpMcMDSg=
